// !$*UTF8*$!
{
	archiveVersion = 1;
	classes = {
	};
	objectVersion = 50;
	objects = {

/* Begin PBXBuildFile section */
		3936474AF1432A1ED077C332 /* Pods_WeatherApp2.framework in Frameworks */ = {isa = PBXBuildFile; fileRef = FED69D0D3ED25611ADBD8E1E /* Pods_WeatherApp2.framework */; };
		707296572341F02200519079 /* AppDelegate.swift in Sources */ = {isa = PBXBuildFile; fileRef = 707296562341F02200519079 /* AppDelegate.swift */; };
		7072965E2341F02400519079 /* Assets.xcassets in Resources */ = {isa = PBXBuildFile; fileRef = 7072965D2341F02400519079 /* Assets.xcassets */; };
		707296612341F02400519079 /* LaunchScreen.storyboard in Resources */ = {isa = PBXBuildFile; fileRef = 7072965F2341F02400519079 /* LaunchScreen.storyboard */; };
		7072966F2341F17100519079 /* CountriesListViewController.swift in Sources */ = {isa = PBXBuildFile; fileRef = 7072966D2341F17100519079 /* CountriesListViewController.swift */; };
		707296702341F17100519079 /* CountriesListViewController.xib in Resources */ = {isa = PBXBuildFile; fileRef = 7072966E2341F17100519079 /* CountriesListViewController.xib */; };
		707296732341F43000519079 /* city.list.json in Resources */ = {isa = PBXBuildFile; fileRef = 707296722341F43000519079 /* city.list.json */; };
		707296752341F54400519079 /* CityModel.swift in Sources */ = {isa = PBXBuildFile; fileRef = 707296742341F54400519079 /* CityModel.swift */; };
		707296772341FDE600519079 /* CountriesList.xcassets in Resources */ = {isa = PBXBuildFile; fileRef = 707296762341FDE600519079 /* CountriesList.xcassets */; };
		7072967B234207CC00519079 /* MainTabBarViewController.swift in Sources */ = {isa = PBXBuildFile; fileRef = 7072967A234207CC00519079 /* MainTabBarViewController.swift */; };
		7072967E23420A4E00519079 /* ProfileViewController.swift in Sources */ = {isa = PBXBuildFile; fileRef = 7072967C23420A4E00519079 /* ProfileViewController.swift */; };
		7072967F23420A4E00519079 /* ProfileViewController.xib in Resources */ = {isa = PBXBuildFile; fileRef = 7072967D23420A4E00519079 /* ProfileViewController.xib */; };
		7072968123420A5B00519079 /* Profile.xcassets in Resources */ = {isa = PBXBuildFile; fileRef = 7072968023420A5B00519079 /* Profile.xcassets */; };
		7072968523420C8100519079 /* WeatherDetailsViewController.swift in Sources */ = {isa = PBXBuildFile; fileRef = 7072968323420C8100519079 /* WeatherDetailsViewController.swift */; };
		7072968623420C8100519079 /* WeatherDetailsViewController.xib in Resources */ = {isa = PBXBuildFile; fileRef = 7072968423420C8100519079 /* WeatherDetailsViewController.xib */; };
		707296882342123100519079 /* StaticApi Key.swift in Sources */ = {isa = PBXBuildFile; fileRef = 707296872342123100519079 /* StaticApi Key.swift */; };
		7072968C2342148100519079 /* MabViewController.swift in Sources */ = {isa = PBXBuildFile; fileRef = 7072968A2342148100519079 /* MabViewController.swift */; };
		7072968D2342148100519079 /* MapViewFactory.swift in Sources */ = {isa = PBXBuildFile; fileRef = 7072968B2342148100519079 /* MapViewFactory.swift */; };
		7072969123421B0900519079 /* CountriesTableViewCell.swift in Sources */ = {isa = PBXBuildFile; fileRef = 7072968F23421B0900519079 /* CountriesTableViewCell.swift */; };
		7072969223421B0900519079 /* CountriesTableViewCell.xib in Resources */ = {isa = PBXBuildFile; fileRef = 7072969023421B0900519079 /* CountriesTableViewCell.xib */; };
		707296992342693500519079 /* URLRequestBuilder.swift in Sources */ = {isa = PBXBuildFile; fileRef = 707296952342693500519079 /* URLRequestBuilder.swift */; };
		7072969A2342693500519079 /* CodableInit.swift in Sources */ = {isa = PBXBuildFile; fileRef = 707296962342693500519079 /* CodableInit.swift */; };
		7072969B2342693500519079 /* APIRequestHandler.swift in Sources */ = {isa = PBXBuildFile; fileRef = 707296972342693500519079 /* APIRequestHandler.swift */; };
		7072969C2342693500519079 /* ResponseHandler.swift in Sources */ = {isa = PBXBuildFile; fileRef = 707296982342693500519079 /* ResponseHandler.swift */; };
		7072969F23426EC600519079 /* WeatherResponse.swift in Sources */ = {isa = PBXBuildFile; fileRef = 7072969E23426EC600519079 /* WeatherResponse.swift */; };
		707296A1234272D500519079 /* WeatherRequest.swift in Sources */ = {isa = PBXBuildFile; fileRef = 707296A0234272D500519079 /* WeatherRequest.swift */; };
		7081149B234F474700A7C70C /* Converter.swift in Sources */ = {isa = PBXBuildFile; fileRef = 7081149A234F474700A7C70C /* Converter.swift */; };
		7081149F234F478A00A7C70C /* Double+String.swift in Sources */ = {isa = PBXBuildFile; fileRef = 7081149E234F478A00A7C70C /* Double+String.swift */; };
		70F8F05D239FC2310015C326 /* WeatherDetailsViewModel.swift in Sources */ = {isa = PBXBuildFile; fileRef = 70F8F05B239FC2310015C326 /* WeatherDetailsViewModel.swift */; };
		70F8F05E239FC2310015C326 /* WeatherCurated.swift in Sources */ = {isa = PBXBuildFile; fileRef = 70F8F05C239FC2310015C326 /* WeatherCurated.swift */; };
		70F8F060239FC4360015C326 /* WeatherDetails.xcassets in Resources */ = {isa = PBXBuildFile; fileRef = 70F8F05F239FC4360015C326 /* WeatherDetails.xcassets */; };
/* End PBXBuildFile section */

/* Begin PBXFileReference section */
		641BF2FEEFCEA6B1BE416EDD /* Pods-WeatherApp2.release.xcconfig */ = {isa = PBXFileReference; includeInIndex = 1; lastKnownFileType = text.xcconfig; name = "Pods-WeatherApp2.release.xcconfig"; path = "Pods/Target Support Files/Pods-WeatherApp2/Pods-WeatherApp2.release.xcconfig"; sourceTree = "<group>"; };
		707296532341F02200519079 /* WeatherApp2.app */ = {isa = PBXFileReference; explicitFileType = wrapper.application; includeInIndex = 0; path = WeatherApp2.app; sourceTree = BUILT_PRODUCTS_DIR; };
		707296562341F02200519079 /* AppDelegate.swift */ = {isa = PBXFileReference; lastKnownFileType = sourcecode.swift; path = AppDelegate.swift; sourceTree = "<group>"; };
		7072965D2341F02400519079 /* Assets.xcassets */ = {isa = PBXFileReference; lastKnownFileType = folder.assetcatalog; path = Assets.xcassets; sourceTree = "<group>"; };
		707296602341F02400519079 /* Base */ = {isa = PBXFileReference; lastKnownFileType = file.storyboard; name = Base; path = Base.lproj/LaunchScreen.storyboard; sourceTree = "<group>"; };
		707296622341F02400519079 /* Info.plist */ = {isa = PBXFileReference; lastKnownFileType = text.plist.xml; path = Info.plist; sourceTree = "<group>"; };
		7072966D2341F17100519079 /* CountriesListViewController.swift */ = {isa = PBXFileReference; lastKnownFileType = sourcecode.swift; path = CountriesListViewController.swift; sourceTree = "<group>"; };
		7072966E2341F17100519079 /* CountriesListViewController.xib */ = {isa = PBXFileReference; lastKnownFileType = file.xib; path = CountriesListViewController.xib; sourceTree = "<group>"; };
		707296722341F43000519079 /* city.list.json */ = {isa = PBXFileReference; fileEncoding = 4; lastKnownFileType = text.json; path = city.list.json; sourceTree = "<group>"; };
		707296742341F54400519079 /* CityModel.swift */ = {isa = PBXFileReference; lastKnownFileType = sourcecode.swift; path = CityModel.swift; sourceTree = "<group>"; };
		707296762341FDE600519079 /* CountriesList.xcassets */ = {isa = PBXFileReference; lastKnownFileType = folder.assetcatalog; path = CountriesList.xcassets; sourceTree = "<group>"; };
		7072967A234207CC00519079 /* MainTabBarViewController.swift */ = {isa = PBXFileReference; lastKnownFileType = sourcecode.swift; path = MainTabBarViewController.swift; sourceTree = "<group>"; };
		7072967C23420A4E00519079 /* ProfileViewController.swift */ = {isa = PBXFileReference; lastKnownFileType = sourcecode.swift; path = ProfileViewController.swift; sourceTree = "<group>"; };
		7072967D23420A4E00519079 /* ProfileViewController.xib */ = {isa = PBXFileReference; lastKnownFileType = file.xib; path = ProfileViewController.xib; sourceTree = "<group>"; };
		7072968023420A5B00519079 /* Profile.xcassets */ = {isa = PBXFileReference; lastKnownFileType = folder.assetcatalog; path = Profile.xcassets; sourceTree = "<group>"; };
		7072968323420C8100519079 /* WeatherDetailsViewController.swift */ = {isa = PBXFileReference; lastKnownFileType = sourcecode.swift; path = WeatherDetailsViewController.swift; sourceTree = "<group>"; };
		7072968423420C8100519079 /* WeatherDetailsViewController.xib */ = {isa = PBXFileReference; lastKnownFileType = file.xib; path = WeatherDetailsViewController.xib; sourceTree = "<group>"; };
		707296872342123100519079 /* StaticApi Key.swift */ = {isa = PBXFileReference; fileEncoding = 4; lastKnownFileType = sourcecode.swift; path = "StaticApi Key.swift"; sourceTree = "<group>"; };
		7072968A2342148100519079 /* MabViewController.swift */ = {isa = PBXFileReference; fileEncoding = 4; lastKnownFileType = sourcecode.swift; path = MabViewController.swift; sourceTree = "<group>"; };
		7072968B2342148100519079 /* MapViewFactory.swift */ = {isa = PBXFileReference; fileEncoding = 4; lastKnownFileType = sourcecode.swift; path = MapViewFactory.swift; sourceTree = "<group>"; };
		7072968F23421B0900519079 /* CountriesTableViewCell.swift */ = {isa = PBXFileReference; lastKnownFileType = sourcecode.swift; path = CountriesTableViewCell.swift; sourceTree = "<group>"; };
		7072969023421B0900519079 /* CountriesTableViewCell.xib */ = {isa = PBXFileReference; lastKnownFileType = file.xib; path = CountriesTableViewCell.xib; sourceTree = "<group>"; };
		707296952342693500519079 /* URLRequestBuilder.swift */ = {isa = PBXFileReference; fileEncoding = 4; lastKnownFileType = sourcecode.swift; path = URLRequestBuilder.swift; sourceTree = "<group>"; };
		707296962342693500519079 /* CodableInit.swift */ = {isa = PBXFileReference; fileEncoding = 4; lastKnownFileType = sourcecode.swift; path = CodableInit.swift; sourceTree = "<group>"; };
		707296972342693500519079 /* APIRequestHandler.swift */ = {isa = PBXFileReference; fileEncoding = 4; lastKnownFileType = sourcecode.swift; path = APIRequestHandler.swift; sourceTree = "<group>"; };
		707296982342693500519079 /* ResponseHandler.swift */ = {isa = PBXFileReference; fileEncoding = 4; lastKnownFileType = sourcecode.swift; path = ResponseHandler.swift; sourceTree = "<group>"; };
		7072969E23426EC600519079 /* WeatherResponse.swift */ = {isa = PBXFileReference; lastKnownFileType = sourcecode.swift; path = WeatherResponse.swift; sourceTree = "<group>"; };
		707296A0234272D500519079 /* WeatherRequest.swift */ = {isa = PBXFileReference; lastKnownFileType = sourcecode.swift; path = WeatherRequest.swift; sourceTree = "<group>"; };
		7081149A234F474700A7C70C /* Converter.swift */ = {isa = PBXFileReference; fileEncoding = 4; lastKnownFileType = sourcecode.swift; path = Converter.swift; sourceTree = "<group>"; };
		7081149E234F478A00A7C70C /* Double+String.swift */ = {isa = PBXFileReference; lastKnownFileType = sourcecode.swift; path = "Double+String.swift"; sourceTree = "<group>"; };
		70F8F05B239FC2310015C326 /* WeatherDetailsViewModel.swift */ = {isa = PBXFileReference; fileEncoding = 4; lastKnownFileType = sourcecode.swift; path = WeatherDetailsViewModel.swift; sourceTree = "<group>"; };
		70F8F05C239FC2310015C326 /* WeatherCurated.swift */ = {isa = PBXFileReference; fileEncoding = 4; lastKnownFileType = sourcecode.swift; path = WeatherCurated.swift; sourceTree = "<group>"; };
		70F8F05F239FC4360015C326 /* WeatherDetails.xcassets */ = {isa = PBXFileReference; lastKnownFileType = folder.assetcatalog; path = WeatherDetails.xcassets; sourceTree = "<group>"; };
		BE8A5269A819A6758EF7525E /* Pods-WeatherApp2.debug.xcconfig */ = {isa = PBXFileReference; includeInIndex = 1; lastKnownFileType = text.xcconfig; name = "Pods-WeatherApp2.debug.xcconfig"; path = "Pods/Target Support Files/Pods-WeatherApp2/Pods-WeatherApp2.debug.xcconfig"; sourceTree = "<group>"; };
		FED69D0D3ED25611ADBD8E1E /* Pods_WeatherApp2.framework */ = {isa = PBXFileReference; explicitFileType = wrapper.framework; includeInIndex = 0; path = Pods_WeatherApp2.framework; sourceTree = BUILT_PRODUCTS_DIR; };
/* End PBXFileReference section */

/* Begin PBXFrameworksBuildPhase section */
		707296502341F02200519079 /* Frameworks */ = {
			isa = PBXFrameworksBuildPhase;
			buildActionMask = 2147483647;
			files = (
				3936474AF1432A1ED077C332 /* Pods_WeatherApp2.framework in Frameworks */,
			);
			runOnlyForDeploymentPostprocessing = 0;
		};
/* End PBXFrameworksBuildPhase section */

/* Begin PBXGroup section */
		355D8C65FB14D59DAC5CD6D7 /* Frameworks */ = {
			isa = PBXGroup;
			children = (
				FED69D0D3ED25611ADBD8E1E /* Pods_WeatherApp2.framework */,
			);
			name = Frameworks;
			sourceTree = "<group>";
		};
		7072964A2341F02200519079 = {
			isa = PBXGroup;
			children = (
				707296552341F02200519079 /* WeatherApp2 */,
				707296542341F02200519079 /* Products */,
				FD87E32C52D32566B2033F28 /* Pods */,
				355D8C65FB14D59DAC5CD6D7 /* Frameworks */,
			);
			sourceTree = "<group>";
		};
		707296542341F02200519079 /* Products */ = {
			isa = PBXGroup;
			children = (
				707296532341F02200519079 /* WeatherApp2.app */,
			);
			name = Products;
			sourceTree = "<group>";
		};
		707296552341F02200519079 /* WeatherApp2 */ = {
			isa = PBXGroup;
			children = (
				707296892342146E00519079 /* MapView */,
				7072966B2341F08400519079 /* AppModules */,
				707296692341F06900519079 /* Shared */,
			);
			path = WeatherApp2;
			sourceTree = "<group>";
		};
		707296692341F06900519079 /* Shared */ = {
			isa = PBXGroup;
			children = (
				7081149D234F476200A7C70C /* Extensions */,
				7081149C234F475500A7C70C /* Logic */,
				707296942342691600519079 /* Network */,
				7072966A2341F07800519079 /* Assets */,
			);
			path = Shared;
			sourceTree = "<group>";
		};
		7072966A2341F07800519079 /* Assets */ = {
			isa = PBXGroup;
			children = (
				707296562341F02200519079 /* AppDelegate.swift */,
				707296872342123100519079 /* StaticApi Key.swift */,
				7072965D2341F02400519079 /* Assets.xcassets */,
				7072965F2341F02400519079 /* LaunchScreen.storyboard */,
				707296622341F02400519079 /* Info.plist */,
			);
			path = Assets;
			sourceTree = "<group>";
		};
		7072966B2341F08400519079 /* AppModules */ = {
			isa = PBXGroup;
			children = (
				7072968223420C6500519079 /* WeatherDetails */,
				707296792342071E00519079 /* TabBar */,
				707296782342071700519079 /* Profile */,
				7072966C2341F12B00519079 /* CountriesList */,
			);
			path = AppModules;
			sourceTree = "<group>";
		};
		7072966C2341F12B00519079 /* CountriesList */ = {
			isa = PBXGroup;
			children = (
				7072969323421B2600519079 /* Controllers */,
				707296762341FDE600519079 /* CountriesList.xcassets */,
				707296712341F3F200519079 /* Store */,
				7072968E23421AD400519079 /* Views */,
			);
			path = CountriesList;
			sourceTree = "<group>";
		};
		707296712341F3F200519079 /* Store */ = {
			isa = PBXGroup;
			children = (
				707296722341F43000519079 /* city.list.json */,
				707296742341F54400519079 /* CityModel.swift */,
			);
			path = Store;
			sourceTree = "<group>";
		};
		707296782342071700519079 /* Profile */ = {
			isa = PBXGroup;
			children = (
				7072967C23420A4E00519079 /* ProfileViewController.swift */,
				7072967D23420A4E00519079 /* ProfileViewController.xib */,
				7072968023420A5B00519079 /* Profile.xcassets */,
			);
			path = Profile;
			sourceTree = "<group>";
		};
		707296792342071E00519079 /* TabBar */ = {
			isa = PBXGroup;
			children = (
				7072967A234207CC00519079 /* MainTabBarViewController.swift */,
			);
			path = TabBar;
			sourceTree = "<group>";
		};
		7072968223420C6500519079 /* WeatherDetails */ = {
			isa = PBXGroup;
			children = (
				7072969D23426EAD00519079 /* Store */,
				7072968323420C8100519079 /* WeatherDetailsViewController.swift */,
				70F8F05F239FC4360015C326 /* WeatherDetails.xcassets */,
				7072968423420C8100519079 /* WeatherDetailsViewController.xib */,
				70F8F05C239FC2310015C326 /* WeatherCurated.swift */,
				70F8F05B239FC2310015C326 /* WeatherDetailsViewModel.swift */,
			);
			path = WeatherDetails;
			sourceTree = "<group>";
		};
		707296892342146E00519079 /* MapView */ = {
			isa = PBXGroup;
			children = (
				7072968A2342148100519079 /* MabViewController.swift */,
				7072968B2342148100519079 /* MapViewFactory.swift */,
			);
			path = MapView;
			sourceTree = "<group>";
		};
		7072968E23421AD400519079 /* Views */ = {
			isa = PBXGroup;
			children = (
				7072968F23421B0900519079 /* CountriesTableViewCell.swift */,
				7072969023421B0900519079 /* CountriesTableViewCell.xib */,
			);
			path = Views;
			sourceTree = "<group>";
		};
		7072969323421B2600519079 /* Controllers */ = {
			isa = PBXGroup;
			children = (
				7072966D2341F17100519079 /* CountriesListViewController.swift */,
				7072966E2341F17100519079 /* CountriesListViewController.xib */,
			);
			path = Controllers;
			sourceTree = "<group>";
		};
		707296942342691600519079 /* Network */ = {
			isa = PBXGroup;
			children = (
				707296972342693500519079 /* APIRequestHandler.swift */,
				707296962342693500519079 /* CodableInit.swift */,
				707296982342693500519079 /* ResponseHandler.swift */,
				707296952342693500519079 /* URLRequestBuilder.swift */,
			);
			path = Network;
			sourceTree = "<group>";
		};
		7072969D23426EAD00519079 /* Store */ = {
			isa = PBXGroup;
			children = (
				7072969E23426EC600519079 /* WeatherResponse.swift */,
				707296A0234272D500519079 /* WeatherRequest.swift */,
			);
			path = Store;
			sourceTree = "<group>";
		};
		7081149C234F475500A7C70C /* Logic */ = {
			isa = PBXGroup;
			children = (
				7081149A234F474700A7C70C /* Converter.swift */,
			);
			path = Logic;
			sourceTree = "<group>";
		};
		7081149D234F476200A7C70C /* Extensions */ = {
			isa = PBXGroup;
			children = (
				7081149E234F478A00A7C70C /* Double+String.swift */,
			);
			path = Extensions;
			sourceTree = "<group>";
		};
		FD87E32C52D32566B2033F28 /* Pods */ = {
			isa = PBXGroup;
			children = (
				BE8A5269A819A6758EF7525E /* Pods-WeatherApp2.debug.xcconfig */,
				641BF2FEEFCEA6B1BE416EDD /* Pods-WeatherApp2.release.xcconfig */,
			);
			name = Pods;
			sourceTree = "<group>";
		};
/* End PBXGroup section */

/* Begin PBXNativeTarget section */
		707296522341F02200519079 /* WeatherApp2 */ = {
			isa = PBXNativeTarget;
			buildConfigurationList = 707296652341F02400519079 /* Build configuration list for PBXNativeTarget "WeatherApp2" */;
			buildPhases = (
				A84D2772FD4069E31E45C86D /* [CP] Check Pods Manifest.lock */,
				7072964F2341F02200519079 /* Sources */,
				707296502341F02200519079 /* Frameworks */,
				707296512341F02200519079 /* Resources */,
				5990AE653B5CEF8E70CF03EE /* [CP] Copy Pods Resources */,
				3B2A0DDB798CD361696EDC74 /* [CP] Embed Pods Frameworks */,
			);
			buildRules = (
			);
			dependencies = (
			);
			name = WeatherApp2;
			productName = WeatherApp2;
			productReference = 707296532341F02200519079 /* WeatherApp2.app */;
			productType = "com.apple.product-type.application";
		};
/* End PBXNativeTarget section */

/* Begin PBXProject section */
		7072964B2341F02200519079 /* Project object */ = {
			isa = PBXProject;
			attributes = {
				LastSwiftUpdateCheck = 1030;
				LastUpgradeCheck = 1030;
				ORGANIZATIONNAME = "mohamed gamal mohamed";
				TargetAttributes = {
					707296522341F02200519079 = {
						CreatedOnToolsVersion = 10.3;
					};
				};
			};
			buildConfigurationList = 7072964E2341F02200519079 /* Build configuration list for PBXProject "WeatherApp2" */;
			compatibilityVersion = "Xcode 9.3";
			developmentRegion = en;
			hasScannedForEncodings = 0;
			knownRegions = (
				en,
				Base,
			);
			mainGroup = 7072964A2341F02200519079;
			productRefGroup = 707296542341F02200519079 /* Products */;
			projectDirPath = "";
			projectRoot = "";
			targets = (
				707296522341F02200519079 /* WeatherApp2 */,
			);
		};
/* End PBXProject section */

/* Begin PBXResourcesBuildPhase section */
		707296512341F02200519079 /* Resources */ = {
			isa = PBXResourcesBuildPhase;
			buildActionMask = 2147483647;
			files = (
				7072967F23420A4E00519079 /* ProfileViewController.xib in Resources */,
				70F8F060239FC4360015C326 /* WeatherDetails.xcassets in Resources */,
				707296772341FDE600519079 /* CountriesList.xcassets in Resources */,
				7072969223421B0900519079 /* CountriesTableViewCell.xib in Resources */,
				7072968123420A5B00519079 /* Profile.xcassets in Resources */,
				707296702341F17100519079 /* CountriesListViewController.xib in Resources */,
				7072968623420C8100519079 /* WeatherDetailsViewController.xib in Resources */,
				707296732341F43000519079 /* city.list.json in Resources */,
				707296612341F02400519079 /* LaunchScreen.storyboard in Resources */,
				7072965E2341F02400519079 /* Assets.xcassets in Resources */,
			);
			runOnlyForDeploymentPostprocessing = 0;
		};
/* End PBXResourcesBuildPhase section */

/* Begin PBXShellScriptBuildPhase section */
		3B2A0DDB798CD361696EDC74 /* [CP] Embed Pods Frameworks */ = {
			isa = PBXShellScriptBuildPhase;
			buildActionMask = 2147483647;
			files = (
			);
			inputPaths = (
				"${SRCROOT}/Pods/Target Support Files/Pods-WeatherApp2/Pods-WeatherApp2-frameworks.sh",
				"${BUILT_PRODUCTS_DIR}/Alamofire/Alamofire.framework",
			);
			name = "[CP] Embed Pods Frameworks";
			outputPaths = (
				"${TARGET_BUILD_DIR}/${FRAMEWORKS_FOLDER_PATH}/Alamofire.framework",
			);
			runOnlyForDeploymentPostprocessing = 0;
			shellPath = /bin/sh;
			shellScript = "\"${SRCROOT}/Pods/Target Support Files/Pods-WeatherApp2/Pods-WeatherApp2-frameworks.sh\"\n";
			showEnvVarsInLog = 0;
		};
		5990AE653B5CEF8E70CF03EE /* [CP] Copy Pods Resources */ = {
			isa = PBXShellScriptBuildPhase;
			buildActionMask = 2147483647;
			files = (
			);
			inputPaths = (
				"${SRCROOT}/Pods/Target Support Files/Pods-WeatherApp2/Pods-WeatherApp2-resources.sh",
				"${PODS_ROOT}/GoogleMaps/Maps/Frameworks/GoogleMaps.framework/Resources/GoogleMaps.bundle",
				"${PODS_ROOT}/GooglePlaces/Frameworks/GooglePlaces.framework/Resources/GooglePlaces.bundle",
			);
			name = "[CP] Copy Pods Resources";
			outputPaths = (
				"${TARGET_BUILD_DIR}/${UNLOCALIZED_RESOURCES_FOLDER_PATH}/GoogleMaps.bundle",
				"${TARGET_BUILD_DIR}/${UNLOCALIZED_RESOURCES_FOLDER_PATH}/GooglePlaces.bundle",
			);
			runOnlyForDeploymentPostprocessing = 0;
			shellPath = /bin/sh;
			shellScript = "\"${SRCROOT}/Pods/Target Support Files/Pods-WeatherApp2/Pods-WeatherApp2-resources.sh\"\n";
			showEnvVarsInLog = 0;
		};
		A84D2772FD4069E31E45C86D /* [CP] Check Pods Manifest.lock */ = {
			isa = PBXShellScriptBuildPhase;
			buildActionMask = 2147483647;
			files = (
			);
			inputPaths = (
				"${PODS_PODFILE_DIR_PATH}/Podfile.lock",
				"${PODS_ROOT}/Manifest.lock",
			);
			name = "[CP] Check Pods Manifest.lock";
			outputPaths = (
				"$(DERIVED_FILE_DIR)/Pods-WeatherApp2-checkManifestLockResult.txt",
			);
			runOnlyForDeploymentPostprocessing = 0;
			shellPath = /bin/sh;
			shellScript = "diff \"${PODS_PODFILE_DIR_PATH}/Podfile.lock\" \"${PODS_ROOT}/Manifest.lock\" > /dev/null\nif [ $? != 0 ] ; then\n    # print error to STDERR\n    echo \"error: The sandbox is not in sync with the Podfile.lock. Run 'pod install' or update your CocoaPods installation.\" >&2\n    exit 1\nfi\n# This output is used by Xcode 'outputs' to avoid re-running this script phase.\necho \"SUCCESS\" > \"${SCRIPT_OUTPUT_FILE_0}\"\n";
			showEnvVarsInLog = 0;
		};
/* End PBXShellScriptBuildPhase section */

/* Begin PBXSourcesBuildPhase section */
		7072964F2341F02200519079 /* Sources */ = {
			isa = PBXSourcesBuildPhase;
			buildActionMask = 2147483647;
			files = (
				707296992342693500519079 /* URLRequestBuilder.swift in Sources */,
				7072969F23426EC600519079 /* WeatherResponse.swift in Sources */,
				707296572341F02200519079 /* AppDelegate.swift in Sources */,
				7072969A2342693500519079 /* CodableInit.swift in Sources */,
				70F8F05D239FC2310015C326 /* WeatherDetailsViewModel.swift in Sources */,
				7072968C2342148100519079 /* MabViewController.swift in Sources */,
				7081149B234F474700A7C70C /* Converter.swift in Sources */,
				70F8F05E239FC2310015C326 /* WeatherCurated.swift in Sources */,
				7072967B234207CC00519079 /* MainTabBarViewController.swift in Sources */,
				707296882342123100519079 /* StaticApi Key.swift in Sources */,
				7072969123421B0900519079 /* CountriesTableViewCell.swift in Sources */,
				707296A1234272D500519079 /* WeatherRequest.swift in Sources */,
				7072968523420C8100519079 /* WeatherDetailsViewController.swift in Sources */,
				7081149F234F478A00A7C70C /* Double+String.swift in Sources */,
				7072967E23420A4E00519079 /* ProfileViewController.swift in Sources */,
				7072966F2341F17100519079 /* CountriesListViewController.swift in Sources */,
				707296752341F54400519079 /* CityModel.swift in Sources */,
				7072969B2342693500519079 /* APIRequestHandler.swift in Sources */,
				7072968D2342148100519079 /* MapViewFactory.swift in Sources */,
				7072969C2342693500519079 /* ResponseHandler.swift in Sources */,
			);
			runOnlyForDeploymentPostprocessing = 0;
		};
/* End PBXSourcesBuildPhase section */

/* Begin PBXVariantGroup section */
		7072965F2341F02400519079 /* LaunchScreen.storyboard */ = {
			isa = PBXVariantGroup;
			children = (
				707296602341F02400519079 /* Base */,
			);
			name = LaunchScreen.storyboard;
			sourceTree = "<group>";
		};
/* End PBXVariantGroup section */

/* Begin XCBuildConfiguration section */
		707296632341F02400519079 /* Debug */ = {
			isa = XCBuildConfiguration;
			buildSettings = {
				ALWAYS_SEARCH_USER_PATHS = NO;
				CLANG_ANALYZER_NONNULL = YES;
				CLANG_ANALYZER_NUMBER_OBJECT_CONVERSION = YES_AGGRESSIVE;
				CLANG_CXX_LANGUAGE_STANDARD = "gnu++14";
				CLANG_CXX_LIBRARY = "libc++";
				CLANG_ENABLE_MODULES = YES;
				CLANG_ENABLE_OBJC_ARC = YES;
				CLANG_ENABLE_OBJC_WEAK = YES;
				CLANG_WARN_BLOCK_CAPTURE_AUTORELEASING = YES;
				CLANG_WARN_BOOL_CONVERSION = YES;
				CLANG_WARN_COMMA = YES;
				CLANG_WARN_CONSTANT_CONVERSION = YES;
				CLANG_WARN_DEPRECATED_OBJC_IMPLEMENTATIONS = YES;
				CLANG_WARN_DIRECT_OBJC_ISA_USAGE = YES_ERROR;
				CLANG_WARN_DOCUMENTATION_COMMENTS = YES;
				CLANG_WARN_EMPTY_BODY = YES;
				CLANG_WARN_ENUM_CONVERSION = YES;
				CLANG_WARN_INFINITE_RECURSION = YES;
				CLANG_WARN_INT_CONVERSION = YES;
				CLANG_WARN_NON_LITERAL_NULL_CONVERSION = YES;
				CLANG_WARN_OBJC_IMPLICIT_RETAIN_SELF = YES;
				CLANG_WARN_OBJC_LITERAL_CONVERSION = YES;
				CLANG_WARN_OBJC_ROOT_CLASS = YES_ERROR;
				CLANG_WARN_RANGE_LOOP_ANALYSIS = YES;
				CLANG_WARN_STRICT_PROTOTYPES = YES;
				CLANG_WARN_SUSPICIOUS_MOVE = YES;
				CLANG_WARN_UNGUARDED_AVAILABILITY = YES_AGGRESSIVE;
				CLANG_WARN_UNREACHABLE_CODE = YES;
				CLANG_WARN__DUPLICATE_METHOD_MATCH = YES;
				CODE_SIGN_IDENTITY = "iPhone Developer";
				COPY_PHASE_STRIP = NO;
				DEBUG_INFORMATION_FORMAT = dwarf;
				ENABLE_STRICT_OBJC_MSGSEND = YES;
				ENABLE_TESTABILITY = YES;
				GCC_C_LANGUAGE_STANDARD = gnu11;
				GCC_DYNAMIC_NO_PIC = NO;
				GCC_NO_COMMON_BLOCKS = YES;
				GCC_OPTIMIZATION_LEVEL = 0;
				GCC_PREPROCESSOR_DEFINITIONS = (
					"DEBUG=1",
					"$(inherited)",
				);
				GCC_WARN_64_TO_32_BIT_CONVERSION = YES;
				GCC_WARN_ABOUT_RETURN_TYPE = YES_ERROR;
				GCC_WARN_UNDECLARED_SELECTOR = YES;
				GCC_WARN_UNINITIALIZED_AUTOS = YES_AGGRESSIVE;
				GCC_WARN_UNUSED_FUNCTION = YES;
				GCC_WARN_UNUSED_VARIABLE = YES;
				IPHONEOS_DEPLOYMENT_TARGET = 12.4;
				MTL_ENABLE_DEBUG_INFO = INCLUDE_SOURCE;
				MTL_FAST_MATH = YES;
				ONLY_ACTIVE_ARCH = YES;
				SDKROOT = iphoneos;
				SWIFT_ACTIVE_COMPILATION_CONDITIONS = DEBUG;
				SWIFT_OPTIMIZATION_LEVEL = "-Onone";
			};
			name = Debug;
		};
		707296642341F02400519079 /* Release */ = {
			isa = XCBuildConfiguration;
			buildSettings = {
				ALWAYS_SEARCH_USER_PATHS = NO;
				CLANG_ANALYZER_NONNULL = YES;
				CLANG_ANALYZER_NUMBER_OBJECT_CONVERSION = YES_AGGRESSIVE;
				CLANG_CXX_LANGUAGE_STANDARD = "gnu++14";
				CLANG_CXX_LIBRARY = "libc++";
				CLANG_ENABLE_MODULES = YES;
				CLANG_ENABLE_OBJC_ARC = YES;
				CLANG_ENABLE_OBJC_WEAK = YES;
				CLANG_WARN_BLOCK_CAPTURE_AUTORELEASING = YES;
				CLANG_WARN_BOOL_CONVERSION = YES;
				CLANG_WARN_COMMA = YES;
				CLANG_WARN_CONSTANT_CONVERSION = YES;
				CLANG_WARN_DEPRECATED_OBJC_IMPLEMENTATIONS = YES;
				CLANG_WARN_DIRECT_OBJC_ISA_USAGE = YES_ERROR;
				CLANG_WARN_DOCUMENTATION_COMMENTS = YES;
				CLANG_WARN_EMPTY_BODY = YES;
				CLANG_WARN_ENUM_CONVERSION = YES;
				CLANG_WARN_INFINITE_RECURSION = YES;
				CLANG_WARN_INT_CONVERSION = YES;
				CLANG_WARN_NON_LITERAL_NULL_CONVERSION = YES;
				CLANG_WARN_OBJC_IMPLICIT_RETAIN_SELF = YES;
				CLANG_WARN_OBJC_LITERAL_CONVERSION = YES;
				CLANG_WARN_OBJC_ROOT_CLASS = YES_ERROR;
				CLANG_WARN_RANGE_LOOP_ANALYSIS = YES;
				CLANG_WARN_STRICT_PROTOTYPES = YES;
				CLANG_WARN_SUSPICIOUS_MOVE = YES;
				CLANG_WARN_UNGUARDED_AVAILABILITY = YES_AGGRESSIVE;
				CLANG_WARN_UNREACHABLE_CODE = YES;
				CLANG_WARN__DUPLICATE_METHOD_MATCH = YES;
				CODE_SIGN_IDENTITY = "iPhone Developer";
				COPY_PHASE_STRIP = NO;
				DEBUG_INFORMATION_FORMAT = "dwarf-with-dsym";
				ENABLE_NS_ASSERTIONS = NO;
				ENABLE_STRICT_OBJC_MSGSEND = YES;
				GCC_C_LANGUAGE_STANDARD = gnu11;
				GCC_NO_COMMON_BLOCKS = YES;
				GCC_WARN_64_TO_32_BIT_CONVERSION = YES;
				GCC_WARN_ABOUT_RETURN_TYPE = YES_ERROR;
				GCC_WARN_UNDECLARED_SELECTOR = YES;
				GCC_WARN_UNINITIALIZED_AUTOS = YES_AGGRESSIVE;
				GCC_WARN_UNUSED_FUNCTION = YES;
				GCC_WARN_UNUSED_VARIABLE = YES;
				IPHONEOS_DEPLOYMENT_TARGET = 12.4;
				MTL_ENABLE_DEBUG_INFO = NO;
				MTL_FAST_MATH = YES;
				SDKROOT = iphoneos;
				SWIFT_COMPILATION_MODE = wholemodule;
				SWIFT_OPTIMIZATION_LEVEL = "-O";
				VALIDATE_PRODUCT = YES;
			};
			name = Release;
		};
		707296662341F02400519079 /* Debug */ = {
			isa = XCBuildConfiguration;
			baseConfigurationReference = BE8A5269A819A6758EF7525E /* Pods-WeatherApp2.debug.xcconfig */;
			buildSettings = {
				ASSETCATALOG_COMPILER_APPICON_NAME = AppIcon;
				CODE_SIGN_STYLE = Automatic;
				DEVELOPMENT_TEAM = PD8D5SRM3M;
				INFOPLIST_FILE = "$(SRCROOT)/WeatherApp2/Shared/Assets/Info.plist";
				LD_RUNPATH_SEARCH_PATHS = (
					"$(inherited)",
					"@executable_path/Frameworks",
				);
				PRODUCT_BUNDLE_IDENTIFIER = "mohamed-gamal.WeatherApp2";
				PRODUCT_NAME = "$(TARGET_NAME)";
				SWIFT_VERSION = 5.0;
				TARGETED_DEVICE_FAMILY = "1,2";
			};
			name = Debug;
		};
		707296672341F02400519079 /* Release */ = {
			isa = XCBuildConfiguration;
			baseConfigurationReference = 641BF2FEEFCEA6B1BE416EDD /* Pods-WeatherApp2.release.xcconfig */;
			buildSettings = {
				ASSETCATALOG_COMPILER_APPICON_NAME = AppIcon;
				CODE_SIGN_STYLE = Automatic;
				DEVELOPMENT_TEAM = PD8D5SRM3M;
				INFOPLIST_FILE = "$(SRCROOT)/WeatherApp2/Shared/Assets/Info.plist";
				LD_RUNPATH_SEARCH_PATHS = (
					"$(inherited)",
					"@executable_path/Frameworks",
				);
				PRODUCT_BUNDLE_IDENTIFIER = "mohamed-gamal.WeatherApp2";
				PRODUCT_NAME = "$(TARGET_NAME)";
				SWIFT_VERSION = 5.0;
				TARGETED_DEVICE_FAMILY = "1,2";
			};
			name = Release;
		};
/* End XCBuildConfiguration section */

/* Begin XCConfigurationList section */
		7072964E2341F02200519079 /* Build configuration list for PBXProject "WeatherApp2" */ = {
			isa = XCConfigurationList;
			buildConfigurations = (
				707296632341F02400519079 /* Debug */,
				707296642341F02400519079 /* Release */,
			);
			defaultConfigurationIsVisible = 0;
			defaultConfigurationName = Release;
		};
		707296652341F02400519079 /* Build configuration list for PBXNativeTarget "WeatherApp2" */ = {
			isa = XCConfigurationList;
			buildConfigurations = (
				707296662341F02400519079 /* Debug */,
				707296672341F02400519079 /* Release */,
			);
			defaultConfigurationIsVisible = 0;
			defaultConfigurationName = Release;
		};
/* End XCConfigurationList section */
	};
	rootObject = 7072964B2341F02200519079 /* Project object */;
}
